{
    "_readme": [
        "This file locks the dependencies of your project to a known state",
        "Read more about it at https://getcomposer.org/doc/01-basic-usage.md#composer-lock-the-lock-file",
        "This file is @generated automatically"
    ],
    "hash": "44d49da1ff59a5f041960421719f8ee4",
    "content-hash": "c81e0a932b1d040c8a6d8d44508322cb",
    "packages": [
        {
            "name": "hella-engine/rpc-message",
            "version": "1.0.3",
            "source": {
                "type": "git",
                "url": "https://github.com/babety/HellaEngineMessage.git",
                "reference": "11ca76a973aa86d1f67329af2ae62ce9236188ab"
            },
            "dist": {
                "type": "zip",
                "url": "https://api.github.com/repos/babety/HellaEngineMessage/zipball/11ca76a973aa86d1f67329af2ae62ce9236188ab",
                "reference": "11ca76a973aa86d1f67329af2ae62ce9236188ab",
                "shasum": ""
            },
            "require": {
                "php": ">=5.0.0"
            },
            "require-dev": {
                "phpunit/phpunit": "^5.0"
            },
            "type": "library",
            "autoload": {
                "psr-4": {
                    "hellaEngine\\RPCMessage\\": "src/hellaEngine/RPCMessage"
                }
            },
            "notification-url": "https://packagist.org/downloads/",
            "license": [
                "MIT"
            ],
            "authors": [
                {
                    "name": "peng.zhi",
                    "email": "babety@163.com",
                    "role": "Developer"
                }
            ],
            "description": "HellaEngine RPC message php code",
            "keywords": [
                "rpc",
                "rpc-message"
            ],
            "time": "2016-08-12 10:27:16"
        }
    ],
    "packages-dev": [],
    "aliases": [],
    "minimum-stability": "stable",
    "stability-flags": [],
    "prefer-stable": false,
    "prefer-lowest": false,
    "platform": [],
    "platform-dev": []
}
